// !$*UTF8*$!
{
	archiveVersion = 1;
	classes = {
	};
	objectVersion = 56;
	objects = {

/* Begin PBXBuildFile section */
		8A1B2C3D4E5F6001 /* TechniLuxApp.swift in Sources */ = {isa = PBXBuildFile; fileRef = 8A1B2C3D4E5F7001; };
		8A1B2C3D4E5F6002 /* APIEndpoints.swift in Sources */ = {isa = PBXBuildFile; fileRef = 8A1B2C3D4E5F7002; };
		8A1B2C3D4E5F6003 /* APIResponse.swift in Sources */ = {isa = PBXBuildFile; fileRef = 8A1B2C3D4E5F7003; };
		8A1B2C3D4E5F6004 /* TechnitiumClient.swift in Sources */ = {isa = PBXBuildFile; fileRef = 8A1B2C3D4E5F7004; };
		8A1B2C3D4E5F6005 /* Models.swift in Sources */ = {isa = PBXBuildFile; fileRef = 8A1B2C3D4E5F7005; };
		8A1B2C3D4E5F6006 /* AuthService.swift in Sources */ = {isa = PBXBuildFile; fileRef = 8A1B2C3D4E5F7006; };
		8A1B2C3D4E5F6007 /* ClusterService.swift in Sources */ = {isa = PBXBuildFile; fileRef = 8A1B2C3D4E5F7007; };
		8A1B2C3D4E5F6008 /* KeychainService.swift in Sources */ = {isa = PBXBuildFile; fileRef = 8A1B2C3D4E5F7008; };
		8A1B2C3D4E5F6009 /* ClusterNodePicker.swift in Sources */ = {isa = PBXBuildFile; fileRef = 8A1B2C3D4E5F7009; };
		8A1B2C3D4E5F600A /* GlassCard.swift in Sources */ = {isa = PBXBuildFile; fileRef = 8A1B2C3D4E5F700A; };
		8A1B2C3D4E5F600B /* ColorPalette.swift in Sources */ = {isa = PBXBuildFile; fileRef = 8A1B2C3D4E5F700B; };
		8A1B2C3D4E5F600C /* GlassStyle.swift in Sources */ = {isa = PBXBuildFile; fileRef = 8A1B2C3D4E5F700C; };
		8A1B2C3D4E5F600D /* MainTabView.swift in Sources */ = {isa = PBXBuildFile; fileRef = 8A1B2C3D4E5F700D; };
		8A1B2C3D4E5F600E /* SidebarView.swift in Sources */ = {isa = PBXBuildFile; fileRef = 8A1B2C3D4E5F700E; };
		8A1B2C3D4E5F600F /* LoginView.swift in Sources */ = {isa = PBXBuildFile; fileRef = 8A1B2C3D4E5F700F; };
		8A1B2C3D4E5F6010 /* DashboardView.swift in Sources */ = {isa = PBXBuildFile; fileRef = 8A1B2C3D4E5F7010; };
		8A1B2C3D4E5F6011 /* DashboardViewModel.swift in Sources */ = {isa = PBXBuildFile; fileRef = 8A1B2C3D4E5F7011; };
		8A1B2C3D4E5F6012 /* ZonesView.swift in Sources */ = {isa = PBXBuildFile; fileRef = 8A1B2C3D4E5F7012; };
		8A1B2C3D4E5F6030 /* ZoneDetailView.swift in Sources */ = {isa = PBXBuildFile; fileRef = 8A1B2C3D4E5F7030; };
		8A1B2C3D4E5F6031 /* RecordEditorSheet.swift in Sources */ = {isa = PBXBuildFile; fileRef = 8A1B2C3D4E5F7031; };
		8A1B2C3D4E5F6032 /* DNSSECSheet.swift in Sources */ = {isa = PBXBuildFile; fileRef = 8A1B2C3D4E5F7032; };
		8A1B2C3D4E5F6033 /* PTRManagement.swift in Sources */ = {isa = PBXBuildFile; fileRef = 8A1B2C3D4E5F7033; };
		8A1B2C3D4E5F6034 /* ZonePermissionsSheet.swift in Sources */ = {isa = PBXBuildFile; fileRef = 8A1B2C3D4E5F7034; };
		8A1B2C3D4E5F6013 /* BlockingView.swift in Sources */ = {isa = PBXBuildFile; fileRef = 8A1B2C3D4E5F7013; };
		8A1B2C3D4E5F6014 /* CacheView.swift in Sources */ = {isa = PBXBuildFile; fileRef = 8A1B2C3D4E5F7014; };
		8A1B2C3D4E5F6015 /* DHCPView.swift in Sources */ = {isa = PBXBuildFile; fileRef = 8A1B2C3D4E5F7015; };
		8A1B2C3D4E5F6016 /* AppsView.swift in Sources */ = {isa = PBXBuildFile; fileRef = 8A1B2C3D4E5F7016; };
		8A1B2C3D4E5F6017 /* LogsView.swift in Sources */ = {isa = PBXBuildFile; fileRef = 8A1B2C3D4E5F7017; };
		8A1B2C3D4E5F6018 /* SettingsView.swift in Sources */ = {isa = PBXBuildFile; fileRef = 8A1B2C3D4E5F7018; };
		8A1B2C3D4E5F6019 /* AdminView.swift in Sources */ = {isa = PBXBuildFile; fileRef = 8A1B2C3D4E5F7019; };
		8A1B2C3D4E5F601A /* NetworkView.swift in Sources */ = {isa = PBXBuildFile; fileRef = 8A1B2C3D4E5F701A; };
		8A1B2C3D4E5F601B /* DNSClientView.swift in Sources */ = {isa = PBXBuildFile; fileRef = 8A1B2C3D4E5F701B; };
		8A1B2C3D4E5F601C /* ProfileView.swift in Sources */ = {isa = PBXBuildFile; fileRef = 8A1B2C3D4E5F701C; };
		8A1B2C3D4E5F601D /* AboutView.swift in Sources */ = {isa = PBXBuildFile; fileRef = 8A1B2C3D4E5F701D; };
		8A1B2C3D4E5F601E /* Assets.xcassets in Resources */ = {isa = PBXBuildFile; fileRef = 8A1B2C3D4E5F701E; };
/* End PBXBuildFile section */

/* Begin PBXFileReference section */
		8A1B2C3D4E5F8001 /* TechniLux.app */ = {isa = PBXFileReference; explicitFileType = wrapper.application; includeInIndex = 0; path = TechniLux.app; sourceTree = BUILT_PRODUCTS_DIR; };
		8A1B2C3D4E5F7001 /* TechniLuxApp.swift */ = {isa = PBXFileReference; lastKnownFileType = sourcecode.swift; path = TechniLuxApp.swift; sourceTree = "<group>"; };
		8A1B2C3D4E5F7002 /* APIEndpoints.swift */ = {isa = PBXFileReference; lastKnownFileType = sourcecode.swift; path = APIEndpoints.swift; sourceTree = "<group>"; };
		8A1B2C3D4E5F7003 /* APIResponse.swift */ = {isa = PBXFileReference; lastKnownFileType = sourcecode.swift; path = APIResponse.swift; sourceTree = "<group>"; };
		8A1B2C3D4E5F7004 /* TechnitiumClient.swift */ = {isa = PBXFileReference; lastKnownFileType = sourcecode.swift; path = TechnitiumClient.swift; sourceTree = "<group>"; };
		8A1B2C3D4E5F7005 /* Models.swift */ = {isa = PBXFileReference; lastKnownFileType = sourcecode.swift; path = Models.swift; sourceTree = "<group>"; };
		8A1B2C3D4E5F7006 /* AuthService.swift */ = {isa = PBXFileReference; lastKnownFileType = sourcecode.swift; path = AuthService.swift; sourceTree = "<group>"; };
		8A1B2C3D4E5F7007 /* ClusterService.swift */ = {isa = PBXFileReference; lastKnownFileType = sourcecode.swift; path = ClusterService.swift; sourceTree = "<group>"; };
		8A1B2C3D4E5F7008 /* KeychainService.swift */ = {isa = PBXFileReference; lastKnownFileType = sourcecode.swift; path = KeychainService.swift; sourceTree = "<group>"; };
		8A1B2C3D4E5F7009 /* ClusterNodePicker.swift */ = {isa = PBXFileReference; lastKnownFileType = sourcecode.swift; path = ClusterNodePicker.swift; sourceTree = "<group>"; };
		8A1B2C3D4E5F700A /* GlassCard.swift */ = {isa = PBXFileReference; lastKnownFileType = sourcecode.swift; path = GlassCard.swift; sourceTree = "<group>"; };
		8A1B2C3D4E5F700B /* ColorPalette.swift */ = {isa = PBXFileReference; lastKnownFileType = sourcecode.swift; path = ColorPalette.swift; sourceTree = "<group>"; };
		8A1B2C3D4E5F700C /* GlassStyle.swift */ = {isa = PBXFileReference; lastKnownFileType = sourcecode.swift; path = GlassStyle.swift; sourceTree = "<group>"; };
		8A1B2C3D4E5F700D /* MainTabView.swift */ = {isa = PBXFileReference; lastKnownFileType = sourcecode.swift; path = MainTabView.swift; sourceTree = "<group>"; };
		8A1B2C3D4E5F700E /* SidebarView.swift */ = {isa = PBXFileReference; lastKnownFileType = sourcecode.swift; path = SidebarView.swift; sourceTree = "<group>"; };
		8A1B2C3D4E5F700F /* LoginView.swift */ = {isa = PBXFileReference; lastKnownFileType = sourcecode.swift; path = LoginView.swift; sourceTree = "<group>"; };
		8A1B2C3D4E5F7010 /* DashboardView.swift */ = {isa = PBXFileReference; lastKnownFileType = sourcecode.swift; path = DashboardView.swift; sourceTree = "<group>"; };
		8A1B2C3D4E5F7011 /* DashboardViewModel.swift */ = {isa = PBXFileReference; lastKnownFileType = sourcecode.swift; path = DashboardViewModel.swift; sourceTree = "<group>"; };
		8A1B2C3D4E5F7012 /* ZonesView.swift */ = {isa = PBXFileReference; lastKnownFileType = sourcecode.swift; path = ZonesView.swift; sourceTree = "<group>"; };
		8A1B2C3D4E5F7030 /* ZoneDetailView.swift */ = {isa = PBXFileReference; lastKnownFileType = sourcecode.swift; path = ZoneDetailView.swift; sourceTree = "<group>"; };
		8A1B2C3D4E5F7031 /* RecordEditorSheet.swift */ = {isa = PBXFileReference; lastKnownFileType = sourcecode.swift; path = RecordEditorSheet.swift; sourceTree = "<group>"; };
		8A1B2C3D4E5F7032 /* DNSSECSheet.swift */ = {isa = PBXFileReference; lastKnownFileType = sourcecode.swift; path = DNSSECSheet.swift; sourceTree = "<group>"; };
		8A1B2C3D4E5F7033 /* PTRManagement.swift */ = {isa = PBXFileReference; lastKnownFileType = sourcecode.swift; path = PTRManagement.swift; sourceTree = "<group>"; };
		8A1B2C3D4E5F7034 /* ZonePermissionsSheet.swift */ = {isa = PBXFileReference; lastKnownFileType = sourcecode.swift; path = ZonePermissionsSheet.swift; sourceTree = "<group>"; };
		8A1B2C3D4E5F7013 /* BlockingView.swift */ = {isa = PBXFileReference; lastKnownFileType = sourcecode.swift; path = BlockingView.swift; sourceTree = "<group>"; };
		8A1B2C3D4E5F7014 /* CacheView.swift */ = {isa = PBXFileReference; lastKnownFileType = sourcecode.swift; path = CacheView.swift; sourceTree = "<group>"; };
		8A1B2C3D4E5F7015 /* DHCPView.swift */ = {isa = PBXFileReference; lastKnownFileType = sourcecode.swift; path = DHCPView.swift; sourceTree = "<group>"; };
		8A1B2C3D4E5F7016 /* AppsView.swift */ = {isa = PBXFileReference; lastKnownFileType = sourcecode.swift; path = AppsView.swift; sourceTree = "<group>"; };
		8A1B2C3D4E5F7017 /* LogsView.swift */ = {isa = PBXFileReference; lastKnownFileType = sourcecode.swift; path = LogsView.swift; sourceTree = "<group>"; };
		8A1B2C3D4E5F7018 /* SettingsView.swift */ = {isa = PBXFileReference; lastKnownFileType = sourcecode.swift; path = SettingsView.swift; sourceTree = "<group>"; };
		8A1B2C3D4E5F7019 /* AdminView.swift */ = {isa = PBXFileReference; lastKnownFileType = sourcecode.swift; path = AdminView.swift; sourceTree = "<group>"; };
		8A1B2C3D4E5F701A /* NetworkView.swift */ = {isa = PBXFileReference; lastKnownFileType = sourcecode.swift; path = NetworkView.swift; sourceTree = "<group>"; };
		8A1B2C3D4E5F701B /* DNSClientView.swift */ = {isa = PBXFileReference; lastKnownFileType = sourcecode.swift; path = DNSClientView.swift; sourceTree = "<group>"; };
		8A1B2C3D4E5F701C /* ProfileView.swift */ = {isa = PBXFileReference; lastKnownFileType = sourcecode.swift; path = ProfileView.swift; sourceTree = "<group>"; };
		8A1B2C3D4E5F701D /* AboutView.swift */ = {isa = PBXFileReference; lastKnownFileType = sourcecode.swift; path = AboutView.swift; sourceTree = "<group>"; };
		8A1B2C3D4E5F701E /* Assets.xcassets */ = {isa = PBXFileReference; lastKnownFileType = folder.assetcatalog; path = Assets.xcassets; sourceTree = "<group>"; };
		8A1B2C3D4E5F701F /* Info.plist */ = {isa = PBXFileReference; lastKnownFileType = text.plist.xml; path = Info.plist; sourceTree = "<group>"; };
/* End PBXFileReference section */

/* Begin PBXFrameworksBuildPhase section */
		8A1B2C3D4E5F9001 /* Frameworks */ = {
			isa = PBXFrameworksBuildPhase;
			buildActionMask = 2147483647;
			files = (
			);
			runOnlyForDeploymentPostprocessing = 0;
		};
/* End PBXFrameworksBuildPhase section */

/* Begin PBXGroup section */
		8A1B2C3D4E5FA001 = {
			isa = PBXGroup;
			children = (
				8A1B2C3D4E5FA002 /* TechniLux */,
				8A1B2C3D4E5FA003 /* Products */,
			);
			sourceTree = "<group>";
		};
		8A1B2C3D4E5FA003 /* Products */ = {
			isa = PBXGroup;
			children = (
				8A1B2C3D4E5F8001 /* TechniLux.app */,
			);
			name = Products;
			sourceTree = "<group>";
		};
		8A1B2C3D4E5FA002 /* TechniLux */ = {
			isa = PBXGroup;
			children = (
				8A1B2C3D4E5FA004 /* App */,
				8A1B2C3D4E5FA005 /* Core */,
				8A1B2C3D4E5FA010 /* Features */,
				8A1B2C3D4E5FA030 /* Shared */,
				8A1B2C3D4E5FA040 /* Resources */,
			);
			path = TechniLux;
			sourceTree = "<group>";
		};
		8A1B2C3D4E5FA004 /* App */ = {
			isa = PBXGroup;
			children = (
				8A1B2C3D4E5F7001 /* TechniLuxApp.swift */,
			);
			path = App;
			sourceTree = "<group>";
		};
		8A1B2C3D4E5FA005 /* Core */ = {
			isa = PBXGroup;
			children = (
				8A1B2C3D4E5FA006 /* API */,
				8A1B2C3D4E5FA007 /* Models */,
				8A1B2C3D4E5FA008 /* Services */,
			);
			path = Core;
			sourceTree = "<group>";
		};
		8A1B2C3D4E5FA006 /* API */ = {
			isa = PBXGroup;
			children = (
				8A1B2C3D4E5F7002 /* APIEndpoints.swift */,
				8A1B2C3D4E5F7003 /* APIResponse.swift */,
				8A1B2C3D4E5F7004 /* TechnitiumClient.swift */,
			);
			path = API;
			sourceTree = "<group>";
		};
		8A1B2C3D4E5FA007 /* Models */ = {
			isa = PBXGroup;
			children = (
				8A1B2C3D4E5F7005 /* Models.swift */,
			);
			path = Models;
			sourceTree = "<group>";
		};
		8A1B2C3D4E5FA008 /* Services */ = {
			isa = PBXGroup;
			children = (
				8A1B2C3D4E5F7006 /* AuthService.swift */,
				8A1B2C3D4E5F7007 /* ClusterService.swift */,
				8A1B2C3D4E5F7008 /* KeychainService.swift */,
			);
			path = Services;
			sourceTree = "<group>";
		};
		8A1B2C3D4E5FA010 /* Features */ = {
			isa = PBXGroup;
			children = (
				8A1B2C3D4E5FA011 /* Authentication */,
				8A1B2C3D4E5FA012 /* Dashboard */,
				8A1B2C3D4E5FA013 /* Zones */,
				8A1B2C3D4E5FA014 /* Blocking */,
				8A1B2C3D4E5FA015 /* Cache */,
				8A1B2C3D4E5FA016 /* DHCP */,
				8A1B2C3D4E5FA017 /* Apps */,
				8A1B2C3D4E5FA018 /* Logs */,
				8A1B2C3D4E5FA019 /* Settings */,
				8A1B2C3D4E5FA01A /* Admin */,
				8A1B2C3D4E5FA01B /* Network */,
				8A1B2C3D4E5FA01C /* DNSClient */,
				8A1B2C3D4E5FA01D /* Profile */,
				8A1B2C3D4E5FA01E /* About */,
			);
			path = Features;
			sourceTree = "<group>";
		};
		8A1B2C3D4E5FA011 /* Authentication */ = {
			isa = PBXGroup;
			children = (
				8A1B2C3D4E5F700F /* LoginView.swift */,
			);
			path = Authentication;
			sourceTree = "<group>";
		};
		8A1B2C3D4E5FA012 /* Dashboard */ = {
			isa = PBXGroup;
			children = (
				8A1B2C3D4E5F7010 /* DashboardView.swift */,
				8A1B2C3D4E5F7011 /* DashboardViewModel.swift */,
			);
			path = Dashboard;
			sourceTree = "<group>";
		};
		8A1B2C3D4E5FA013 /* Zones */ = {
			isa = PBXGroup;
			children = (
				8A1B2C3D4E5F7012 /* ZonesView.swift */,
				8A1B2C3D4E5F7030 /* ZoneDetailView.swift */,
				8A1B2C3D4E5F7031 /* RecordEditorSheet.swift */,
				8A1B2C3D4E5F7032 /* DNSSECSheet.swift */,
				8A1B2C3D4E5F7033 /* PTRManagement.swift */,
				8A1B2C3D4E5F7034 /* ZonePermissionsSheet.swift */,
			);
			path = Zones;
			sourceTree = "<group>";
		};
		8A1B2C3D4E5FA014 /* Blocking */ = {
			isa = PBXGroup;
			children = (
				8A1B2C3D4E5F7013 /* BlockingView.swift */,
			);
			path = Blocking;
			sourceTree = "<group>";
		};
		8A1B2C3D4E5FA015 /* Cache */ = {
			isa = PBXGroup;
			children = (
				8A1B2C3D4E5F7014 /* CacheView.swift */,
			);
			path = Cache;
			sourceTree = "<group>";
		};
		8A1B2C3D4E5FA016 /* DHCP */ = {
			isa = PBXGroup;
			children = (
				8A1B2C3D4E5F7015 /* DHCPView.swift */,
			);
			path = DHCP;
			sourceTree = "<group>";
		};
		8A1B2C3D4E5FA017 /* Apps */ = {
			isa = PBXGroup;
			children = (
				8A1B2C3D4E5F7016 /* AppsView.swift */,
			);
			path = Apps;
			sourceTree = "<group>";
		};
		8A1B2C3D4E5FA018 /* Logs */ = {
			isa = PBXGroup;
			children = (
				8A1B2C3D4E5F7017 /* LogsView.swift */,
			);
			path = Logs;
			sourceTree = "<group>";
		};
		8A1B2C3D4E5FA019 /* Settings */ = {
			isa = PBXGroup;
			children = (
				8A1B2C3D4E5F7018 /* SettingsView.swift */,
			);
			path = Settings;
			sourceTree = "<group>";
		};
		8A1B2C3D4E5FA01A /* Admin */ = {
			isa = PBXGroup;
			children = (
				8A1B2C3D4E5F7019 /* AdminView.swift */,
			);
			path = Admin;
			sourceTree = "<group>";
		};
		8A1B2C3D4E5FA01B /* Network */ = {
			isa = PBXGroup;
			children = (
				8A1B2C3D4E5F701A /* NetworkView.swift */,
			);
			path = Network;
			sourceTree = "<group>";
		};
		8A1B2C3D4E5FA01C /* DNSClient */ = {
			isa = PBXGroup;
			children = (
				8A1B2C3D4E5F701B /* DNSClientView.swift */,
			);
			path = DNSClient;
			sourceTree = "<group>";
		};
		8A1B2C3D4E5FA01D /* Profile */ = {
			isa = PBXGroup;
			children = (
				8A1B2C3D4E5F701C /* ProfileView.swift */,
			);
			path = Profile;
			sourceTree = "<group>";
		};
		8A1B2C3D4E5FA01E /* About */ = {
			isa = PBXGroup;
			children = (
				8A1B2C3D4E5F701D /* AboutView.swift */,
			);
			path = About;
			sourceTree = "<group>";
		};
		8A1B2C3D4E5FA030 /* Shared */ = {
			isa = PBXGroup;
			children = (
				8A1B2C3D4E5FA031 /* Components */,
				8A1B2C3D4E5FA032 /* Styles */,
				8A1B2C3D4E5FA033 /* Navigation */,
			);
			path = Shared;
			sourceTree = "<group>";
		};
		8A1B2C3D4E5FA031 /* Components */ = {
			isa = PBXGroup;
			children = (
				8A1B2C3D4E5F7009 /* ClusterNodePicker.swift */,
				8A1B2C3D4E5F700A /* GlassCard.swift */,
			);
			path = Components;
			sourceTree = "<group>";
		};
		8A1B2C3D4E5FA032 /* Styles */ = {
			isa = PBXGroup;
			children = (
				8A1B2C3D4E5F700B /* ColorPalette.swift */,
				8A1B2C3D4E5F700C /* GlassStyle.swift */,
			);
			path = Styles;
			sourceTree = "<group>";
		};
		8A1B2C3D4E5FA033 /* Navigation */ = {
			isa = PBXGroup;
			children = (
				8A1B2C3D4E5F700D /* MainTabView.swift */,
				8A1B2C3D4E5F700E /* SidebarView.swift */,
			);
			path = Navigation;
			sourceTree = "<group>";
		};
		8A1B2C3D4E5FA040 /* Resources */ = {
			isa = PBXGroup;
			children = (
				8A1B2C3D4E5F701E /* Assets.xcassets */,
				8A1B2C3D4E5F701F /* Info.plist */,
			);
			path = Resources;
			sourceTree = "<group>";
		};
/* End PBXGroup section */

/* Begin PBXNativeTarget section */
		8A1B2C3D4E5FB001 /* TechniLux */ = {
			isa = PBXNativeTarget;
			buildConfigurationList = 8A1B2C3D4E5FC001 /* Build configuration list for PBXNativeTarget "TechniLux" */;
			buildPhases = (
				8A1B2C3D4E5FB002 /* Sources */,
				8A1B2C3D4E5F9001 /* Frameworks */,
				8A1B2C3D4E5FB003 /* Resources */,
			);
			buildRules = (
			);
			dependencies = (
			);
			name = TechniLux;
			productName = TechniLux;
			productReference = 8A1B2C3D4E5F8001 /* TechniLux.app */;
			productType = "com.apple.product-type.application";
		};
/* End PBXNativeTarget section */

/* Begin PBXProject section */
		8A1B2C3D4E5FD001 /* Project object */ = {
			isa = PBXProject;
			attributes = {
				BuildIndependentTargetsInParallel = 1;
				LastSwiftUpdateCheck = 1600;
				LastUpgradeCheck = 1600;
				TargetAttributes = {
					8A1B2C3D4E5FB001 = {
						CreatedOnToolsVersion = 16.0;
					};
				};
			};
			buildConfigurationList = 8A1B2C3D4E5FC002 /* Build configuration list for PBXProject "TechniLux" */;
			compatibilityVersion = "Xcode 14.0";
			developmentRegion = en;
			hasScannedForEncodings = 0;
			knownRegions = (
				en,
				Base,
			);
			mainGroup = 8A1B2C3D4E5FA001;
			productRefGroup = 8A1B2C3D4E5FA003 /* Products */;
			projectDirPath = "";
			projectRoot = "";
			targets = (
				8A1B2C3D4E5FB001 /* TechniLux */,
			);
		};
/* End PBXProject section */

/* Begin PBXResourcesBuildPhase section */
		8A1B2C3D4E5FB003 /* Resources */ = {
			isa = PBXResourcesBuildPhase;
			buildActionMask = 2147483647;
			files = (
				8A1B2C3D4E5F601E /* Assets.xcassets in Resources */,
			);
			runOnlyForDeploymentPostprocessing = 0;
		};
/* End PBXResourcesBuildPhase section */

/* Begin PBXSourcesBuildPhase section */
		8A1B2C3D4E5FB002 /* Sources */ = {
			isa = PBXSourcesBuildPhase;
			buildActionMask = 2147483647;
			files = (
				8A1B2C3D4E5F6001 /* TechniLuxApp.swift in Sources */,
				8A1B2C3D4E5F6002 /* APIEndpoints.swift in Sources */,
				8A1B2C3D4E5F6003 /* APIResponse.swift in Sources */,
				8A1B2C3D4E5F6004 /* TechnitiumClient.swift in Sources */,
				8A1B2C3D4E5F6005 /* Models.swift in Sources */,
				8A1B2C3D4E5F6006 /* AuthService.swift in Sources */,
				8A1B2C3D4E5F6007 /* ClusterService.swift in Sources */,
				8A1B2C3D4E5F6008 /* KeychainService.swift in Sources */,
				8A1B2C3D4E5F6009 /* ClusterNodePicker.swift in Sources */,
				8A1B2C3D4E5F600A /* GlassCard.swift in Sources */,
				8A1B2C3D4E5F600B /* ColorPalette.swift in Sources */,
				8A1B2C3D4E5F600C /* GlassStyle.swift in Sources */,
				8A1B2C3D4E5F600D /* MainTabView.swift in Sources */,
				8A1B2C3D4E5F600E /* SidebarView.swift in Sources */,
				8A1B2C3D4E5F600F /* LoginView.swift in Sources */,
				8A1B2C3D4E5F6010 /* DashboardView.swift in Sources */,
				8A1B2C3D4E5F6011 /* DashboardViewModel.swift in Sources */,
				8A1B2C3D4E5F6012 /* ZonesView.swift in Sources */,
				8A1B2C3D4E5F6030 /* ZoneDetailView.swift in Sources */,
				8A1B2C3D4E5F6031 /* RecordEditorSheet.swift in Sources */,
				8A1B2C3D4E5F6032 /* DNSSECSheet.swift in Sources */,
				8A1B2C3D4E5F6033 /* PTRManagement.swift in Sources */,
				8A1B2C3D4E5F6034 /* ZonePermissionsSheet.swift in Sources */,
				8A1B2C3D4E5F6013 /* BlockingView.swift in Sources */,
				8A1B2C3D4E5F6014 /* CacheView.swift in Sources */,
				8A1B2C3D4E5F6015 /* DHCPView.swift in Sources */,
				8A1B2C3D4E5F6016 /* AppsView.swift in Sources */,
				8A1B2C3D4E5F6017 /* LogsView.swift in Sources */,
				8A1B2C3D4E5F6018 /* SettingsView.swift in Sources */,
				8A1B2C3D4E5F6019 /* AdminView.swift in Sources */,
				8A1B2C3D4E5F601A /* NetworkView.swift in Sources */,
				8A1B2C3D4E5F601B /* DNSClientView.swift in Sources */,
				8A1B2C3D4E5F601C /* ProfileView.swift in Sources */,
				8A1B2C3D4E5F601D /* AboutView.swift in Sources */,
			);
			runOnlyForDeploymentPostprocessing = 0;
		};
/* End PBXSourcesBuildPhase section */

/* Begin XCBuildConfiguration section */
		8A1B2C3D4E5FE001 /* Debug */ = {
			isa = XCBuildConfiguration;
			buildSettings = {
				ALWAYS_SEARCH_USER_PATHS = NO;
				ASSETCATALOG_COMPILER_GENERATE_SWIFT_ASSET_SYMBOL_EXTENSIONS = YES;
				CLANG_ANALYZER_NONNULL = YES;
				CLANG_ANALYZER_NUMBER_OBJECT_CONVERSION = YES_AGGRESSIVE;
				CLANG_CXX_LANGUAGE_STANDARD = "gnu++20";
				CLANG_ENABLE_MODULES = YES;
				CLANG_ENABLE_OBJC_ARC = YES;
				CLANG_ENABLE_OBJC_WEAK = YES;
				CLANG_WARN_BLOCK_CAPTURE_AUTORELEASING = YES;
				CLANG_WARN_BOOL_CONVERSION = YES;
				CLANG_WARN_COMMA = YES;
				CLANG_WARN_CONSTANT_CONVERSION = YES;
				CLANG_WARN_DEPRECATED_OBJC_IMPLEMENTATIONS = YES;
				CLANG_WARN_DIRECT_OBJC_ISA_USAGE = YES_ERROR;
				CLANG_WARN_DOCUMENTATION_COMMENTS = YES;
				CLANG_WARN_EMPTY_BODY = YES;
				CLANG_WARN_ENUM_CONVERSION = YES;
				CLANG_WARN_INFINITE_RECURSION = YES;
				CLANG_WARN_INT_CONVERSION = YES;
				CLANG_WARN_NON_LITERAL_NULL_CONVERSION = YES;
				CLANG_WARN_OBJC_IMPLICIT_RETAIN_SELF = YES;
				CLANG_WARN_OBJC_LITERAL_CONVERSION = YES;
				CLANG_WARN_OBJC_ROOT_CLASS = YES_ERROR;
				CLANG_WARN_QUOTED_INCLUDE_IN_FRAMEWORK_HEADER = YES;
				CLANG_WARN_RANGE_LOOP_ANALYSIS = YES;
				CLANG_WARN_STRICT_PROTOTYPES = YES;
				CLANG_WARN_SUSPICIOUS_MOVE = YES;
				CLANG_WARN_UNGUARDED_AVAILABILITY = YES_AGGRESSIVE;
				CLANG_WARN_UNREACHABLE_CODE = YES;
				CLANG_WARN__DUPLICATE_METHOD_MATCH = YES;
				COPY_PHASE_STRIP = NO;
				DEBUG_INFORMATION_FORMAT = dwarf;
				ENABLE_STRICT_OBJC_MSGSEND = YES;
				ENABLE_TESTABILITY = YES;
				ENABLE_USER_SCRIPT_SANDBOXING = YES;
				GCC_C_LANGUAGE_STANDARD = gnu17;
				GCC_DYNAMIC_NO_PIC = NO;
				GCC_NO_COMMON_BLOCKS = YES;
				GCC_OPTIMIZATION_LEVEL = 0;
				GCC_PREPROCESSOR_DEFINITIONS = (
					"DEBUG=1",
					"$(inherited)",
				);
				GCC_WARN_64_TO_32_BIT_CONVERSION = YES;
				GCC_WARN_ABOUT_RETURN_TYPE = YES_ERROR;
				GCC_WARN_UNDECLARED_SELECTOR = YES;
				GCC_WARN_UNINITIALIZED_AUTOS = YES_AGGRESSIVE;
				GCC_WARN_UNUSED_FUNCTION = YES;
				GCC_WARN_UNUSED_VARIABLE = YES;
				IPHONEOS_DEPLOYMENT_TARGET = 18.0;
				LOCALIZATION_PREFERS_STRING_CATALOGS = YES;
				MTL_ENABLE_DEBUG_INFO = INCLUDE_SOURCE;
				MTL_FAST_MATH = YES;
				ONLY_ACTIVE_ARCH = YES;
				SDKROOT = iphoneos;
				SWIFT_ACTIVE_COMPILATION_CONDITIONS = "DEBUG $(inherited)";
				SWIFT_OPTIMIZATION_LEVEL = "-Onone";
			};
			name = Debug;
		};
		8A1B2C3D4E5FE002 /* Release */ = {
			isa = XCBuildConfiguration;
			buildSettings = {
				ALWAYS_SEARCH_USER_PATHS = NO;
				ASSETCATALOG_COMPILER_GENERATE_SWIFT_ASSET_SYMBOL_EXTENSIONS = YES;
				CLANG_ANALYZER_NONNULL = YES;
				CLANG_ANALYZER_NUMBER_OBJECT_CONVERSION = YES_AGGRESSIVE;
				CLANG_CXX_LANGUAGE_STANDARD = "gnu++20";
				CLANG_ENABLE_MODULES = YES;
				CLANG_ENABLE_OBJC_ARC = YES;
				CLANG_ENABLE_OBJC_WEAK = YES;
				CLANG_WARN_BLOCK_CAPTURE_AUTORELEASING = YES;
				CLANG_WARN_BOOL_CONVERSION = YES;
				CLANG_WARN_COMMA = YES;
				CLANG_WARN_CONSTANT_CONVERSION = YES;
				CLANG_WARN_DEPRECATED_OBJC_IMPLEMENTATIONS = YES;
				CLANG_WARN_DIRECT_OBJC_ISA_USAGE = YES_ERROR;
				CLANG_WARN_DOCUMENTATION_COMMENTS = YES;
				CLANG_WARN_EMPTY_BODY = YES;
				CLANG_WARN_ENUM_CONVERSION = YES;
				CLANG_WARN_INFINITE_RECURSION = YES;
				CLANG_WARN_INT_CONVERSION = YES;
				CLANG_WARN_NON_LITERAL_NULL_CONVERSION = YES;
				CLANG_WARN_OBJC_IMPLICIT_RETAIN_SELF = YES;
				CLANG_WARN_OBJC_LITERAL_CONVERSION = YES;
				CLANG_WARN_OBJC_ROOT_CLASS = YES_ERROR;
				CLANG_WARN_QUOTED_INCLUDE_IN_FRAMEWORK_HEADER = YES;
				CLANG_WARN_RANGE_LOOP_ANALYSIS = YES;
				CLANG_WARN_STRICT_PROTOTYPES = YES;
				CLANG_WARN_SUSPICIOUS_MOVE = YES;
				CLANG_WARN_UNGUARDED_AVAILABILITY = YES_AGGRESSIVE;
				CLANG_WARN_UNREACHABLE_CODE = YES;
				CLANG_WARN__DUPLICATE_METHOD_MATCH = YES;
				COPY_PHASE_STRIP = NO;
				DEBUG_INFORMATION_FORMAT = "dwarf-with-dsym";
				ENABLE_NS_ASSERTIONS = NO;
				ENABLE_STRICT_OBJC_MSGSEND = YES;
				ENABLE_USER_SCRIPT_SANDBOXING = YES;
				GCC_C_LANGUAGE_STANDARD = gnu17;
				GCC_NO_COMMON_BLOCKS = YES;
				GCC_WARN_64_TO_32_BIT_CONVERSION = YES;
				GCC_WARN_ABOUT_RETURN_TYPE = YES_ERROR;
				GCC_WARN_UNDECLARED_SELECTOR = YES;
				GCC_WARN_UNINITIALIZED_AUTOS = YES_AGGRESSIVE;
				GCC_WARN_UNUSED_FUNCTION = YES;
				GCC_WARN_UNUSED_VARIABLE = YES;
				IPHONEOS_DEPLOYMENT_TARGET = 18.0;
				LOCALIZATION_PREFERS_STRING_CATALOGS = YES;
				MTL_ENABLE_DEBUG_INFO = NO;
				MTL_FAST_MATH = YES;
				SDKROOT = iphoneos;
				SWIFT_COMPILATION_MODE = wholemodule;
				VALIDATE_PRODUCT = YES;
			};
			name = Release;
		};
		8A1B2C3D4E5FE003 /* Debug */ = {
			isa = XCBuildConfiguration;
			buildSettings = {
				ASSETCATALOG_COMPILER_APPICON_NAME = AppIcon;
				ASSETCATALOG_COMPILER_GLOBAL_ACCENT_COLOR_NAME = AccentColor;
				CODE_SIGN_STYLE = Manual;
				CURRENT_PROJECT_VERSION = 1;
				DEVELOPMENT_TEAM = "";
				ENABLE_PREVIEWS = YES;
				GENERATE_INFOPLIST_FILE = YES;
				INFOPLIST_FILE = TechniLux/Resources/Info.plist;
				INFOPLIST_KEY_CFBundleDisplayName = TechniLux;
				INFOPLIST_KEY_LSApplicationCategoryType = "public.app-category.utilities";
				INFOPLIST_KEY_UIApplicationSceneManifest_Generation = YES;
				INFOPLIST_KEY_UIApplicationSupportsIndirectInputEvents = YES;
				INFOPLIST_KEY_UILaunchScreen_Generation = YES;
				INFOPLIST_KEY_UISupportedInterfaceOrientations_iPad = "UIInterfaceOrientationPortrait UIInterfaceOrientationPortraitUpsideDown UIInterfaceOrientationLandscapeLeft UIInterfaceOrientationLandscapeRight";
				INFOPLIST_KEY_UISupportedInterfaceOrientations_iPhone = "UIInterfaceOrientationPortrait UIInterfaceOrientationLandscapeLeft UIInterfaceOrientationLandscapeRight";
				LD_RUNPATH_SEARCH_PATHS = (
					"$(inherited)",
					"@executable_path/Frameworks",
				);
				MARKETING_VERSION = 1.0.0;
				PRODUCT_BUNDLE_IDENTIFIER = com.technilux.ios;
				PRODUCT_NAME = "$(TARGET_NAME)";
				PROVISIONING_PROFILE_SPECIFIER = "";
				SUPPORTED_PLATFORMS = "iphoneos iphonesimulator";
				SUPPORTS_MACCATALYST = NO;
				SUPPORTS_MAC_DESIGNED_FOR_IPHONE_IPAD = NO;
				SWIFT_EMIT_LOC_STRINGS = YES;
				SWIFT_VERSION = 5.0;
				TARGETED_DEVICE_FAMILY = "1,2";
			};
			name = Debug;
		};
		8A1B2C3D4E5FE004 /* Release */ = {
			isa = XCBuildConfiguration;
			buildSettings = {
				ASSETCATALOG_COMPILER_APPICON_NAME = AppIcon;
				ASSETCATALOG_COMPILER_GLOBAL_ACCENT_COLOR_NAME = AccentColor;
				CODE_SIGN_STYLE = Manual;
				CURRENT_PROJECT_VERSION = 1;
				DEVELOPMENT_TEAM = "";
				ENABLE_PREVIEWS = YES;
				GENERATE_INFOPLIST_FILE = YES;
				INFOPLIST_FILE = TechniLux/Resources/Info.plist;
				INFOPLIST_KEY_CFBundleDisplayName = TechniLux;
				INFOPLIST_KEY_LSApplicationCategoryType = "public.app-category.utilities";
				INFOPLIST_KEY_UIApplicationSceneManifest_Generation = YES;
				INFOPLIST_KEY_UIApplicationSupportsIndirectInputEvents = YES;
				INFOPLIST_KEY_UILaunchScreen_Generation = YES;
				INFOPLIST_KEY_UISupportedInterfaceOrientations_iPad = "UIInterfaceOrientationPortrait UIInterfaceOrientationPortraitUpsideDown UIInterfaceOrientationLandscapeLeft UIInterfaceOrientationLandscapeRight";
				INFOPLIST_KEY_UISupportedInterfaceOrientations_iPhone = "UIInterfaceOrientationPortrait UIInterfaceOrientationLandscapeLeft UIInterfaceOrientationLandscapeRight";
				LD_RUNPATH_SEARCH_PATHS = (
					"$(inherited)",
					"@executable_path/Frameworks",
				);
				MARKETING_VERSION = 1.0.0;
				PRODUCT_BUNDLE_IDENTIFIER = com.technilux.ios;
				PRODUCT_NAME = "$(TARGET_NAME)";
				PROVISIONING_PROFILE_SPECIFIER = "";
				SUPPORTED_PLATFORMS = "iphoneos iphonesimulator";
				SUPPORTS_MACCATALYST = NO;
				SUPPORTS_MAC_DESIGNED_FOR_IPHONE_IPAD = NO;
				SWIFT_EMIT_LOC_STRINGS = YES;
				SWIFT_VERSION = 5.0;
				TARGETED_DEVICE_FAMILY = "1,2";
			};
			name = Release;
		};
/* End XCBuildConfiguration section */

/* Begin XCConfigurationList section */
		8A1B2C3D4E5FC001 /* Build configuration list for PBXNativeTarget "TechniLux" */ = {
			isa = XCConfigurationList;
			buildConfigurations = (
				8A1B2C3D4E5FE003 /* Debug */,
				8A1B2C3D4E5FE004 /* Release */,
			);
			defaultConfigurationIsVisible = 0;
			defaultConfigurationName = Release;
		};
		8A1B2C3D4E5FC002 /* Build configuration list for PBXProject "TechniLux" */ = {
			isa = XCConfigurationList;
			buildConfigurations = (
				8A1B2C3D4E5FE001 /* Debug */,
				8A1B2C3D4E5FE002 /* Release */,
			);
			defaultConfigurationIsVisible = 0;
			defaultConfigurationName = Release;
		};
/* End XCConfigurationList section */
	};
	rootObject = 8A1B2C3D4E5FD001 /* Project object */;
}
